
Microsoft Visual Studio Solution File, Format Version 12.00
# Visual Studio Version 17
VisualStudioVersion = 17.0.31903.59
MinimumVisualStudioVersion = 10.0.40219.1
Project("{2150E333-8FDC-42A3-9474-1A3956D46DE8}") = "src", "src", "{827E0CD3-B72D-47B6-A68D-7590B98EB39B}"
EndProject
Project("{FAE04EC0-301F-11D3-BF4B-00C04F79EFBC}") = "Palimpsest.Domain", "src\Palimpsest.Domain\Palimpsest.Domain.csproj", "{50E6CFA8-11FB-437D-BC2B-1BA227853007}"
EndProject
Project("{FAE04EC0-301F-11D3-BF4B-00C04F79EFBC}") = "Palimpsest.Application", "src\Palimpsest.Application\Palimpsest.Application.csproj", "{1A54592B-852C-4288-AE5D-79E934C0713D}"
EndProject
Project("{FAE04EC0-301F-11D3-BF4B-00C04F79EFBC}") = "Palimpsest.Infrastructure", "src\Palimpsest.Infrastructure\Palimpsest.Infrastructure.csproj", "{BC57814B-38FF-4A0F-81DA-828279151503}"
EndProject
Project("{FAE04EC0-301F-11D3-BF4B-00C04F79EFBC}") = "Palimpsest.Web", "src\Palimpsest.Web\Palimpsest.Web.csproj", "{E75D437C-AEED-412A-B2A7-61F58C39A8A7}"
EndProject
Global
	GlobalSection(SolutionConfigurationPlatforms) = preSolution
		Debug|Any CPU = Debug|Any CPU
		Debug|x64 = Debug|x64
		Debug|x86 = Debug|x86
		Release|Any CPU = Release|Any CPU
		Release|x64 = Release|x64
		Release|x86 = Release|x86
	EndGlobalSection
	GlobalSection(ProjectConfigurationPlatforms) = postSolution
		{50E6CFA8-11FB-437D-BC2B-1BA227853007}.Debug|Any CPU.ActiveCfg = Debug|Any CPU
		{50E6CFA8-11FB-437D-BC2B-1BA227853007}.Debug|Any CPU.Build.0 = Debug|Any CPU
		{50E6CFA8-11FB-437D-BC2B-1BA227853007}.Debug|x64.ActiveCfg = Debug|Any CPU
		{50E6CFA8-11FB-437D-BC2B-1BA227853007}.Debug|x64.Build.0 = Debug|Any CPU
		{50E6CFA8-11FB-437D-BC2B-1BA227853007}.Debug|x86.ActiveCfg = Debug|Any CPU
		{50E6CFA8-11FB-437D-BC2B-1BA227853007}.Debug|x86.Build.0 = Debug|Any CPU
		{50E6CFA8-11FB-437D-BC2B-1BA227853007}.Release|Any CPU.ActiveCfg = Release|Any CPU
		{50E6CFA8-11FB-437D-BC2B-1BA227853007}.Release|Any CPU.Build.0 = Release|Any CPU
		{50E6CFA8-11FB-437D-BC2B-1BA227853007}.Release|x64.ActiveCfg = Release|Any CPU
		{50E6CFA8-11FB-437D-BC2B-1BA227853007}.Release|x64.Build.0 = Release|Any CPU
		{50E6CFA8-11FB-437D-BC2B-1BA227853007}.Release|x86.ActiveCfg = Release|Any CPU
		{50E6CFA8-11FB-437D-BC2B-1BA227853007}.Release|x86.Build.0 = Release|Any CPU
		{1A54592B-852C-4288-AE5D-79E934C0713D}.Debug|Any CPU.ActiveCfg = Debug|Any CPU
		{1A54592B-852C-4288-AE5D-79E934C0713D}.Debug|Any CPU.Build.0 = Debug|Any CPU
		{1A54592B-852C-4288-AE5D-79E934C0713D}.Debug|x64.ActiveCfg = Debug|Any CPU
		{1A54592B-852C-4288-AE5D-79E934C0713D}.Debug|x64.Build.0 = Debug|Any CPU
		{1A54592B-852C-4288-AE5D-79E934C0713D}.Debug|x86.ActiveCfg = Debug|Any CPU
		{1A54592B-852C-4288-AE5D-79E934C0713D}.Debug|x86.Build.0 = Debug|Any CPU
		{1A54592B-852C-4288-AE5D-79E934C0713D}.Release|Any CPU.ActiveCfg = Release|Any CPU
		{1A54592B-852C-4288-AE5D-79E934C0713D}.Release|Any CPU.Build.0 = Release|Any CPU
		{1A54592B-852C-4288-AE5D-79E934C0713D}.Release|x64.ActiveCfg = Release|Any CPU
		{1A54592B-852C-4288-AE5D-79E934C0713D}.Release|x64.Build.0 = Release|Any CPU
		{1A54592B-852C-4288-AE5D-79E934C0713D}.Release|x86.ActiveCfg = Release|Any CPU
		{1A54592B-852C-4288-AE5D-79E934C0713D}.Release|x86.Build.0 = Release|Any CPU
		{BC57814B-38FF-4A0F-81DA-828279151503}.Debug|Any CPU.ActiveCfg = Debug|Any CPU
		{BC57814B-38FF-4A0F-81DA-828279151503}.Debug|Any CPU.Build.0 = Debug|Any CPU
		{BC57814B-38FF-4A0F-81DA-828279151503}.Debug|x64.ActiveCfg = Debug|Any CPU
		{BC57814B-38FF-4A0F-81DA-828279151503}.Debug|x64.Build.0 = Debug|Any CPU
		{BC57814B-38FF-4A0F-81DA-828279151503}.Debug|x86.ActiveCfg = Debug|Any CPU
		{BC57814B-38FF-4A0F-81DA-828279151503}.Debug|x86.Build.0 = Debug|Any CPU
		{BC57814B-38FF-4A0F-81DA-828279151503}.Release|Any CPU.ActiveCfg = Release|Any CPU
		{BC57814B-38FF-4A0F-81DA-828279151503}.Release|Any CPU.Build.0 = Release|Any CPU
		{BC57814B-38FF-4A0F-81DA-828279151503}.Release|x64.ActiveCfg = Release|Any CPU
		{BC57814B-38FF-4A0F-81DA-828279151503}.Release|x64.Build.0 = Release|Any CPU
		{BC57814B-38FF-4A0F-81DA-828279151503}.Release|x86.ActiveCfg = Release|Any CPU
		{BC57814B-38FF-4A0F-81DA-828279151503}.Release|x86.Build.0 = Release|Any CPU
		{E75D437C-AEED-412A-B2A7-61F58C39A8A7}.Debug|Any CPU.ActiveCfg = Debug|Any CPU
		{E75D437C-AEED-412A-B2A7-61F58C39A8A7}.Debug|Any CPU.Build.0 = Debug|Any CPU
		{E75D437C-AEED-412A-B2A7-61F58C39A8A7}.Debug|x64.ActiveCfg = Debug|Any CPU
		{E75D437C-AEED-412A-B2A7-61F58C39A8A7}.Debug|x64.Build.0 = Debug|Any CPU
		{E75D437C-AEED-412A-B2A7-61F58C39A8A7}.Debug|x86.ActiveCfg = Debug|Any CPU
		{E75D437C-AEED-412A-B2A7-61F58C39A8A7}.Debug|x86.Build.0 = Debug|Any CPU
		{E75D437C-AEED-412A-B2A7-61F58C39A8A7}.Release|Any CPU.ActiveCfg = Release|Any CPU
		{E75D437C-AEED-412A-B2A7-61F58C39A8A7}.Release|Any CPU.Build.0 = Release|Any CPU
		{E75D437C-AEED-412A-B2A7-61F58C39A8A7}.Release|x64.ActiveCfg = Release|Any CPU
		{E75D437C-AEED-412A-B2A7-61F58C39A8A7}.Release|x64.Build.0 = Release|Any CPU
		{E75D437C-AEED-412A-B2A7-61F58C39A8A7}.Release|x86.ActiveCfg = Release|Any CPU
		{E75D437C-AEED-412A-B2A7-61F58C39A8A7}.Release|x86.Build.0 = Release|Any CPU
	EndGlobalSection
	GlobalSection(SolutionProperties) = preSolution
		HideSolutionNode = FALSE
	EndGlobalSection
	GlobalSection(NestedProjects) = preSolution
		{50E6CFA8-11FB-437D-BC2B-1BA227853007} = {827E0CD3-B72D-47B6-A68D-7590B98EB39B}
		{1A54592B-852C-4288-AE5D-79E934C0713D} = {827E0CD3-B72D-47B6-A68D-7590B98EB39B}
		{BC57814B-38FF-4A0F-81DA-828279151503} = {827E0CD3-B72D-47B6-A68D-7590B98EB39B}
		{E75D437C-AEED-412A-B2A7-61F58C39A8A7} = {827E0CD3-B72D-47B6-A68D-7590B98EB39B}
	EndGlobalSection
EndGlobal
